// !$*UTF8*$!
{
	archiveVersion = 1;
	classes = {
	};
	objectVersion = 46;
	objects = {

/* Begin PBXBuildFile section */
		CBE5F76A1DDEA56D00C134FA /* Nest.swift in Sources */ = {isa = PBXBuildFile; fileRef = CBE5F7691DDEA56D00C134FA /* Nest.swift */; };
		E17ACFB11DD70E2200E826FE /* LoginSignupViewController.swift in Sources */ = {isa = PBXBuildFile; fileRef = E17ACFAF1DD70E2200E826FE /* LoginSignupViewController.swift */; };
		E17ACFB21DD70E2200E826FE /* LoginSignupViewController.xib in Resources */ = {isa = PBXBuildFile; fileRef = E17ACFB01DD70E2200E826FE /* LoginSignupViewController.xib */; };
		E18E2CB81DC95FD500BA02C4 /* AppDelegate.swift in Sources */ = {isa = PBXBuildFile; fileRef = E18E2CB71DC95FD500BA02C4 /* AppDelegate.swift */; };
		E18E2CBA1DC95FD500BA02C4 /* ViewController.swift in Sources */ = {isa = PBXBuildFile; fileRef = E18E2CB91DC95FD500BA02C4 /* ViewController.swift */; };
		E18E2CBD1DC95FD500BA02C4 /* Main.storyboard in Resources */ = {isa = PBXBuildFile; fileRef = E18E2CBB1DC95FD500BA02C4 /* Main.storyboard */; };
		E18E2CBF1DC95FD500BA02C4 /* Assets.xcassets in Resources */ = {isa = PBXBuildFile; fileRef = E18E2CBE1DC95FD500BA02C4 /* Assets.xcassets */; };
		E18E2CC21DC95FD500BA02C4 /* LaunchScreen.storyboard in Resources */ = {isa = PBXBuildFile; fileRef = E18E2CC01DC95FD500BA02C4 /* LaunchScreen.storyboard */; };
		E1B6F6491DD411D200B01B9E /* User.swift in Sources */ = {isa = PBXBuildFile; fileRef = E1B6F6481DD411D200B01B9E /* User.swift */; };
		E1B6F64B1DD411E100B01B9E /* Entry.swift in Sources */ = {isa = PBXBuildFile; fileRef = E1B6F64A1DD411E100B01B9E /* Entry.swift */; };
		E1B6F64D1DD4135500B01B9E /* Question.swift in Sources */ = {isa = PBXBuildFile; fileRef = E1B6F64C1DD4135500B01B9E /* Question.swift */; };
		E1B6F64F1DD4142900B01B9E /* Location.swift in Sources */ = {isa = PBXBuildFile; fileRef = E1B6F64E1DD4142900B01B9E /* Location.swift */; };
		E1B6F6531DD434AF00B01B9E /* UIConstants.swift in Sources */ = {isa = PBXBuildFile; fileRef = E1B6F6521DD434AF00B01B9E /* UIConstants.swift */; };
		E1B6F6561DD4380700B01B9E /* BaseViewController.swift in Sources */ = {isa = PBXBuildFile; fileRef = E1B6F6541DD4380700B01B9E /* BaseViewController.swift */; };
		E1B6F6571DD4380700B01B9E /* BaseViewController.xib in Resources */ = {isa = PBXBuildFile; fileRef = E1B6F6551DD4380700B01B9E /* BaseViewController.xib */; };
		E1B6F65B1DD4387600B01B9E /* HappinessService.swift in Sources */ = {isa = PBXBuildFile; fileRef = E1B6F65A1DD4387600B01B9E /* HappinessService.swift */; };
		E1B6F65E1DD43ED700B01B9E /* InitialViewController.swift in Sources */ = {isa = PBXBuildFile; fileRef = E1B6F65C1DD43ED700B01B9E /* InitialViewController.swift */; };
		E1B6F65F1DD43ED700B01B9E /* InitialViewController.xib in Resources */ = {isa = PBXBuildFile; fileRef = E1B6F65D1DD43ED700B01B9E /* InitialViewController.xib */; };
		E1B6F6621DD43F2100B01B9E /* TimelineViewController.swift in Sources */ = {isa = PBXBuildFile; fileRef = E1B6F6601DD43F2100B01B9E /* TimelineViewController.swift */; };
		E1B6F6631DD43F2100B01B9E /* TimelineViewController.xib in Resources */ = {isa = PBXBuildFile; fileRef = E1B6F6611DD43F2100B01B9E /* TimelineViewController.xib */; };
		E1B6F66A1DD43F8600B01B9E /* ViewEntryViewController.swift in Sources */ = {isa = PBXBuildFile; fileRef = E1B6F6681DD43F8600B01B9E /* ViewEntryViewController.swift */; };
		E1B6F66B1DD43F8600B01B9E /* ViewEntryViewController.xib in Resources */ = {isa = PBXBuildFile; fileRef = E1B6F6691DD43F8600B01B9E /* ViewEntryViewController.xib */; };
		E1B6F66E1DD43FF800B01B9E /* EditEntryViewController.swift in Sources */ = {isa = PBXBuildFile; fileRef = E1B6F66C1DD43FF800B01B9E /* EditEntryViewController.swift */; };
		E1B6F66F1DD43FF800B01B9E /* EditEntryViewController.xib in Resources */ = {isa = PBXBuildFile; fileRef = E1B6F66D1DD43FF800B01B9E /* EditEntryViewController.xib */; };
		E1B6F6721DD4403E00B01B9E /* CalendarViewController.swift in Sources */ = {isa = PBXBuildFile; fileRef = E1B6F6701DD4403E00B01B9E /* CalendarViewController.swift */; };
		E1B6F6731DD4403E00B01B9E /* CalendarViewController.xib in Resources */ = {isa = PBXBuildFile; fileRef = E1B6F6711DD4403E00B01B9E /* CalendarViewController.xib */; };
		E1E579C71DD7F36D0032570C /* TabBarView.xib in Resources */ = {isa = PBXBuildFile; fileRef = E1E579C61DD7F36D0032570C /* TabBarView.xib */; };
		E1E579C91DD7F39D0032570C /* TabBarView.swift in Sources */ = {isa = PBXBuildFile; fileRef = E1E579C81DD7F39D0032570C /* TabBarView.swift */; };
		F704FCA419A24176385233FF /* Pods_Happiness.framework in Frameworks */ = {isa = PBXBuildFile; fileRef = 497F8C0D117519D30237A150 /* Pods_Happiness.framework */; };
		FCEAD6C51DD7BBCA002ADFC2 /* TimelineTableViewCell.swift in Sources */ = {isa = PBXBuildFile; fileRef = FCEAD6C41DD7BBCA002ADFC2 /* TimelineTableViewCell.swift */; };
		FCEAD6C71DD7BCBA002ADFC2 /* TimelineTableViewCell.xib in Resources */ = {isa = PBXBuildFile; fileRef = FCEAD6C61DD7BCBA002ADFC2 /* TimelineTableViewCell.xib */; };
/* End PBXBuildFile section */

/* Begin PBXFileReference section */
		497F8C0D117519D30237A150 /* Pods_Happiness.framework */ = {isa = PBXFileReference; explicitFileType = wrapper.framework; includeInIndex = 0; path = Pods_Happiness.framework; sourceTree = BUILT_PRODUCTS_DIR; };
		5AE4C7038851B234F5ED6EEA /* Pods-Happiness.debug.xcconfig */ = {isa = PBXFileReference; includeInIndex = 1; lastKnownFileType = text.xcconfig; name = "Pods-Happiness.debug.xcconfig"; path = "Pods/Target Support Files/Pods-Happiness/Pods-Happiness.debug.xcconfig"; sourceTree = "<group>"; };
		7408CEF910F5ADEE5474CF54 /* Pods-Happiness.release.xcconfig */ = {isa = PBXFileReference; includeInIndex = 1; lastKnownFileType = text.xcconfig; name = "Pods-Happiness.release.xcconfig"; path = "Pods/Target Support Files/Pods-Happiness/Pods-Happiness.release.xcconfig"; sourceTree = "<group>"; };
		CB1008FB1DD6A00200D2DD38 /* Happiness.entitlements */ = {isa = PBXFileReference; lastKnownFileType = text.plist.entitlements; path = Happiness.entitlements; sourceTree = "<group>"; };
		CBE5F7691DDEA56D00C134FA /* Nest.swift */ = {isa = PBXFileReference; fileEncoding = 4; lastKnownFileType = sourcecode.swift; path = Nest.swift; sourceTree = "<group>"; };
		E17ACFAF1DD70E2200E826FE /* LoginSignupViewController.swift */ = {isa = PBXFileReference; fileEncoding = 4; lastKnownFileType = sourcecode.swift; path = LoginSignupViewController.swift; sourceTree = "<group>"; };
		E17ACFB01DD70E2200E826FE /* LoginSignupViewController.xib */ = {isa = PBXFileReference; fileEncoding = 4; lastKnownFileType = file.xib; path = LoginSignupViewController.xib; sourceTree = "<group>"; };
		E18E2CB41DC95FD500BA02C4 /* Happiness.app */ = {isa = PBXFileReference; explicitFileType = wrapper.application; includeInIndex = 0; path = Happiness.app; sourceTree = BUILT_PRODUCTS_DIR; };
		E18E2CB71DC95FD500BA02C4 /* AppDelegate.swift */ = {isa = PBXFileReference; lastKnownFileType = sourcecode.swift; path = AppDelegate.swift; sourceTree = "<group>"; };
		E18E2CB91DC95FD500BA02C4 /* ViewController.swift */ = {isa = PBXFileReference; lastKnownFileType = sourcecode.swift; path = ViewController.swift; sourceTree = "<group>"; };
		E18E2CBC1DC95FD500BA02C4 /* Base */ = {isa = PBXFileReference; lastKnownFileType = file.storyboard; name = Base; path = Base.lproj/Main.storyboard; sourceTree = "<group>"; };
		E18E2CBE1DC95FD500BA02C4 /* Assets.xcassets */ = {isa = PBXFileReference; lastKnownFileType = folder.assetcatalog; path = Assets.xcassets; sourceTree = "<group>"; };
		E18E2CC11DC95FD500BA02C4 /* Base */ = {isa = PBXFileReference; lastKnownFileType = file.storyboard; name = Base; path = Base.lproj/LaunchScreen.storyboard; sourceTree = "<group>"; };
		E18E2CC31DC95FD500BA02C4 /* Info.plist */ = {isa = PBXFileReference; lastKnownFileType = text.plist.xml; path = Info.plist; sourceTree = "<group>"; };
		E1B6F6481DD411D200B01B9E /* User.swift */ = {isa = PBXFileReference; fileEncoding = 4; lastKnownFileType = sourcecode.swift; path = User.swift; sourceTree = "<group>"; };
		E1B6F64A1DD411E100B01B9E /* Entry.swift */ = {isa = PBXFileReference; fileEncoding = 4; lastKnownFileType = sourcecode.swift; path = Entry.swift; sourceTree = "<group>"; };
		E1B6F64C1DD4135500B01B9E /* Question.swift */ = {isa = PBXFileReference; fileEncoding = 4; lastKnownFileType = sourcecode.swift; path = Question.swift; sourceTree = "<group>"; };
		E1B6F64E1DD4142900B01B9E /* Location.swift */ = {isa = PBXFileReference; fileEncoding = 4; lastKnownFileType = sourcecode.swift; path = Location.swift; sourceTree = "<group>"; };
		E1B6F6521DD434AF00B01B9E /* UIConstants.swift */ = {isa = PBXFileReference; fileEncoding = 4; lastKnownFileType = sourcecode.swift; path = UIConstants.swift; sourceTree = "<group>"; };
		E1B6F6541DD4380700B01B9E /* BaseViewController.swift */ = {isa = PBXFileReference; fileEncoding = 4; lastKnownFileType = sourcecode.swift; path = BaseViewController.swift; sourceTree = "<group>"; };
		E1B6F6551DD4380700B01B9E /* BaseViewController.xib */ = {isa = PBXFileReference; fileEncoding = 4; lastKnownFileType = file.xib; path = BaseViewController.xib; sourceTree = "<group>"; };
		E1B6F65A1DD4387600B01B9E /* HappinessService.swift */ = {isa = PBXFileReference; fileEncoding = 4; lastKnownFileType = sourcecode.swift; path = HappinessService.swift; sourceTree = "<group>"; };
		E1B6F65C1DD43ED700B01B9E /* InitialViewController.swift */ = {isa = PBXFileReference; fileEncoding = 4; lastKnownFileType = sourcecode.swift; path = InitialViewController.swift; sourceTree = "<group>"; };
		E1B6F65D1DD43ED700B01B9E /* InitialViewController.xib */ = {isa = PBXFileReference; fileEncoding = 4; lastKnownFileType = file.xib; path = InitialViewController.xib; sourceTree = "<group>"; };
		E1B6F6601DD43F2100B01B9E /* TimelineViewController.swift */ = {isa = PBXFileReference; fileEncoding = 4; lastKnownFileType = sourcecode.swift; path = TimelineViewController.swift; sourceTree = "<group>"; };
		E1B6F6611DD43F2100B01B9E /* TimelineViewController.xib */ = {isa = PBXFileReference; fileEncoding = 4; lastKnownFileType = file.xib; path = TimelineViewController.xib; sourceTree = "<group>"; };
		E1B6F6681DD43F8600B01B9E /* ViewEntryViewController.swift */ = {isa = PBXFileReference; fileEncoding = 4; lastKnownFileType = sourcecode.swift; path = ViewEntryViewController.swift; sourceTree = "<group>"; };
		E1B6F6691DD43F8600B01B9E /* ViewEntryViewController.xib */ = {isa = PBXFileReference; fileEncoding = 4; lastKnownFileType = file.xib; path = ViewEntryViewController.xib; sourceTree = "<group>"; };
		E1B6F66C1DD43FF800B01B9E /* EditEntryViewController.swift */ = {isa = PBXFileReference; fileEncoding = 4; lastKnownFileType = sourcecode.swift; path = EditEntryViewController.swift; sourceTree = "<group>"; };
		E1B6F66D1DD43FF800B01B9E /* EditEntryViewController.xib */ = {isa = PBXFileReference; fileEncoding = 4; lastKnownFileType = file.xib; path = EditEntryViewController.xib; sourceTree = "<group>"; };
		E1B6F6701DD4403E00B01B9E /* CalendarViewController.swift */ = {isa = PBXFileReference; fileEncoding = 4; lastKnownFileType = sourcecode.swift; path = CalendarViewController.swift; sourceTree = "<group>"; };
		E1B6F6711DD4403E00B01B9E /* CalendarViewController.xib */ = {isa = PBXFileReference; fileEncoding = 4; lastKnownFileType = file.xib; path = CalendarViewController.xib; sourceTree = "<group>"; };
		E1E579C61DD7F36D0032570C /* TabBarView.xib */ = {isa = PBXFileReference; fileEncoding = 4; lastKnownFileType = file.xib; path = TabBarView.xib; sourceTree = "<group>"; };
		E1E579C81DD7F39D0032570C /* TabBarView.swift */ = {isa = PBXFileReference; fileEncoding = 4; lastKnownFileType = sourcecode.swift; path = TabBarView.swift; sourceTree = "<group>"; };
		FCEAD6C41DD7BBCA002ADFC2 /* TimelineTableViewCell.swift */ = {isa = PBXFileReference; fileEncoding = 4; lastKnownFileType = sourcecode.swift; path = TimelineTableViewCell.swift; sourceTree = "<group>"; };
		FCEAD6C61DD7BCBA002ADFC2 /* TimelineTableViewCell.xib */ = {isa = PBXFileReference; fileEncoding = 4; lastKnownFileType = file.xib; path = TimelineTableViewCell.xib; sourceTree = "<group>"; };
/* End PBXFileReference section */

/* Begin PBXFrameworksBuildPhase section */
		E18E2CB11DC95FD500BA02C4 /* Frameworks */ = {
			isa = PBXFrameworksBuildPhase;
			buildActionMask = 2147483647;
			files = (
				F704FCA419A24176385233FF /* Pods_Happiness.framework in Frameworks */,
			);
			runOnlyForDeploymentPostprocessing = 0;
		};
/* End PBXFrameworksBuildPhase section */

/* Begin PBXGroup section */
		C1D221DB2EFED65A9CBF78E2 /* Pods */ = {
			isa = PBXGroup;
			children = (
				5AE4C7038851B234F5ED6EEA /* Pods-Happiness.debug.xcconfig */,
				7408CEF910F5ADEE5474CF54 /* Pods-Happiness.release.xcconfig */,
			);
			name = Pods;
			sourceTree = "<group>";
		};
		DF92817CB1144B545483B990 /* Frameworks */ = {
			isa = PBXGroup;
			children = (
				497F8C0D117519D30237A150 /* Pods_Happiness.framework */,
			);
			name = Frameworks;
			sourceTree = "<group>";
		};
		E17ACFAA1DD70ACD00E826FE /* Login/Signup View Controllers */ = {
			isa = PBXGroup;
			children = (
				E1B6F65C1DD43ED700B01B9E /* InitialViewController.swift */,
				E1B6F65D1DD43ED700B01B9E /* InitialViewController.xib */,
				E17ACFAF1DD70E2200E826FE /* LoginSignupViewController.swift */,
				E17ACFB01DD70E2200E826FE /* LoginSignupViewController.xib */,
			);
			name = "Login/Signup View Controllers";
			sourceTree = "<group>";
		};
		E18E2CAB1DC95FD500BA02C4 = {
			isa = PBXGroup;
			children = (
				E18E2CB61DC95FD500BA02C4 /* Happiness */,
				E18E2CB51DC95FD500BA02C4 /* Products */,
				C1D221DB2EFED65A9CBF78E2 /* Pods */,
				DF92817CB1144B545483B990 /* Frameworks */,
			);
			sourceTree = "<group>";
		};
		E18E2CB51DC95FD500BA02C4 /* Products */ = {
			isa = PBXGroup;
			children = (
				E18E2CB41DC95FD500BA02C4 /* Happiness.app */,
			);
			name = Products;
			sourceTree = "<group>";
		};
		E18E2CB61DC95FD500BA02C4 /* Happiness */ = {
			isa = PBXGroup;
			children = (
				E17ACFAA1DD70ACD00E826FE /* Login/Signup View Controllers */,
				CB1008FB1DD6A00200D2DD38 /* Happiness.entitlements */,
				E1B6F6591DD4384E00B01B9E /* API */,
				E1B6F6511DD4342B00B01B9E /* Views */,
				E1B6F6501DD4338100B01B9E /* View Controllers */,
				E1B6F6471DD411C400B01B9E /* Model */,
				E18E2CB71DC95FD500BA02C4 /* AppDelegate.swift */,
				E18E2CBB1DC95FD500BA02C4 /* Main.storyboard */,
				E18E2CBE1DC95FD500BA02C4 /* Assets.xcassets */,
				E18E2CC01DC95FD500BA02C4 /* LaunchScreen.storyboard */,
				E18E2CC31DC95FD500BA02C4 /* Info.plist */,
			);
			path = Happiness;
			sourceTree = "<group>";
		};
		E1B6F6471DD411C400B01B9E /* Model */ = {
			isa = PBXGroup;
			children = (
				E1B6F6481DD411D200B01B9E /* User.swift */,
				E1B6F64A1DD411E100B01B9E /* Entry.swift */,
				E1B6F64C1DD4135500B01B9E /* Question.swift */,
				E1B6F64E1DD4142900B01B9E /* Location.swift */,
				CBE5F7691DDEA56D00C134FA /* Nest.swift */,
			);
			name = Model;
			sourceTree = "<group>";
		};
		E1B6F6501DD4338100B01B9E /* View Controllers */ = {
			isa = PBXGroup;
			children = (
				E18E2CB91DC95FD500BA02C4 /* ViewController.swift */,
				E1B6F6541DD4380700B01B9E /* BaseViewController.swift */,
				E1B6F6551DD4380700B01B9E /* BaseViewController.xib */,
				E1B6F6601DD43F2100B01B9E /* TimelineViewController.swift */,
				E1B6F6611DD43F2100B01B9E /* TimelineViewController.xib */,
				E1B6F6681DD43F8600B01B9E /* ViewEntryViewController.swift */,
				E1B6F6691DD43F8600B01B9E /* ViewEntryViewController.xib */,
				E1B6F66C1DD43FF800B01B9E /* EditEntryViewController.swift */,
				E1B6F66D1DD43FF800B01B9E /* EditEntryViewController.xib */,
				E1B6F6701DD4403E00B01B9E /* CalendarViewController.swift */,
				E1B6F6711DD4403E00B01B9E /* CalendarViewController.xib */,
			);
			name = "View Controllers";
			sourceTree = "<group>";
		};
		E1B6F6511DD4342B00B01B9E /* Views */ = {
			isa = PBXGroup;
			children = (
				E1B6F6521DD434AF00B01B9E /* UIConstants.swift */,
				FCEAD6C41DD7BBCA002ADFC2 /* TimelineTableViewCell.swift */,
				FCEAD6C61DD7BCBA002ADFC2 /* TimelineTableViewCell.xib */,
				E1E579C61DD7F36D0032570C /* TabBarView.xib */,
				E1E579C81DD7F39D0032570C /* TabBarView.swift */,
			);
			name = Views;
			sourceTree = "<group>";
		};
		E1B6F6591DD4384E00B01B9E /* API */ = {
			isa = PBXGroup;
			children = (
				E1B6F65A1DD4387600B01B9E /* HappinessService.swift */,
			);
			name = API;
			sourceTree = "<group>";
		};
/* End PBXGroup section */

/* Begin PBXNativeTarget section */
		E18E2CB31DC95FD500BA02C4 /* Happiness */ = {
			isa = PBXNativeTarget;
			buildConfigurationList = E18E2CC61DC95FD500BA02C4 /* Build configuration list for PBXNativeTarget "Happiness" */;
			buildPhases = (
				C225CAE589D90CF9F49264EE /* [CP] Check Pods Manifest.lock */,
				E18E2CB01DC95FD500BA02C4 /* Sources */,
				E18E2CB11DC95FD500BA02C4 /* Frameworks */,
				E18E2CB21DC95FD500BA02C4 /* Resources */,
				83E5BC053F3C5A7F1476E823 /* [CP] Embed Pods Frameworks */,
				C2C9312D533074EF444F85A1 /* [CP] Copy Pods Resources */,
			);
			buildRules = (
			);
			dependencies = (
			);
			name = Happiness;
			productName = Happiness;
			productReference = E18E2CB41DC95FD500BA02C4 /* Happiness.app */;
			productType = "com.apple.product-type.application";
		};
/* End PBXNativeTarget section */

/* Begin PBXProject section */
		E18E2CAC1DC95FD500BA02C4 /* Project object */ = {
			isa = PBXProject;
			attributes = {
				LastSwiftUpdateCheck = 0810;
				LastUpgradeCheck = 0810;
				ORGANIZATIONNAME = "Team Happiness";
				TargetAttributes = {
					E18E2CB31DC95FD500BA02C4 = {
						CreatedOnToolsVersion = 8.1;
						DevelopmentTeam = SCUP57ZH8V;
						ProvisioningStyle = Automatic;
						SystemCapabilities = {
							com.apple.Keychain = {
								enabled = 1;
							};
						};
					};
				};
			};
			buildConfigurationList = E18E2CAF1DC95FD500BA02C4 /* Build configuration list for PBXProject "Happiness" */;
			compatibilityVersion = "Xcode 3.2";
			developmentRegion = English;
			hasScannedForEncodings = 0;
			knownRegions = (
				en,
				Base,
			);
			mainGroup = E18E2CAB1DC95FD500BA02C4;
			productRefGroup = E18E2CB51DC95FD500BA02C4 /* Products */;
			projectDirPath = "";
			projectRoot = "";
			targets = (
				E18E2CB31DC95FD500BA02C4 /* Happiness */,
			);
		};
/* End PBXProject section */

/* Begin PBXResourcesBuildPhase section */
		E18E2CB21DC95FD500BA02C4 /* Resources */ = {
			isa = PBXResourcesBuildPhase;
			buildActionMask = 2147483647;
			files = (
				E17ACFB21DD70E2200E826FE /* LoginSignupViewController.xib in Resources */,
				E1B6F66B1DD43F8600B01B9E /* ViewEntryViewController.xib in Resources */,
				E18E2CC21DC95FD500BA02C4 /* LaunchScreen.storyboard in Resources */,
				E1B6F6731DD4403E00B01B9E /* CalendarViewController.xib in Resources */,
				FCEAD6C71DD7BCBA002ADFC2 /* TimelineTableViewCell.xib in Resources */,
				E1B6F6571DD4380700B01B9E /* BaseViewController.xib in Resources */,
				E1E579C71DD7F36D0032570C /* TabBarView.xib in Resources */,
				E1B6F66F1DD43FF800B01B9E /* EditEntryViewController.xib in Resources */,
				E1B6F65F1DD43ED700B01B9E /* InitialViewController.xib in Resources */,
				E1B6F6631DD43F2100B01B9E /* TimelineViewController.xib in Resources */,
				E18E2CBF1DC95FD500BA02C4 /* Assets.xcassets in Resources */,
				E18E2CBD1DC95FD500BA02C4 /* Main.storyboard in Resources */,
			);
			runOnlyForDeploymentPostprocessing = 0;
		};
/* End PBXResourcesBuildPhase section */

/* Begin PBXShellScriptBuildPhase section */
		83E5BC053F3C5A7F1476E823 /* [CP] Embed Pods Frameworks */ = {
			isa = PBXShellScriptBuildPhase;
			buildActionMask = 2147483647;
			files = (
			);
			inputPaths = (
			);
			name = "[CP] Embed Pods Frameworks";
			outputPaths = (
			);
			runOnlyForDeploymentPostprocessing = 0;
			shellPath = /bin/sh;
			shellScript = "\"${SRCROOT}/Pods/Target Support Files/Pods-Happiness/Pods-Happiness-frameworks.sh\"\n";
			showEnvVarsInLog = 0;
		};
		C225CAE589D90CF9F49264EE /* [CP] Check Pods Manifest.lock */ = {
			isa = PBXShellScriptBuildPhase;
			buildActionMask = 2147483647;
			files = (
			);
			inputPaths = (
			);
			name = "[CP] Check Pods Manifest.lock";
			outputPaths = (
			);
			runOnlyForDeploymentPostprocessing = 0;
			shellPath = /bin/sh;
			shellScript = "diff \"${PODS_ROOT}/../Podfile.lock\" \"${PODS_ROOT}/Manifest.lock\" > /dev/null\nif [ $? != 0 ] ; then\n    # print error to STDERR\n    echo \"error: The sandbox is not in sync with the Podfile.lock. Run 'pod install' or update your CocoaPods installation.\" >&2\n    exit 1\nfi\n";
			showEnvVarsInLog = 0;
		};
		C2C9312D533074EF444F85A1 /* [CP] Copy Pods Resources */ = {
			isa = PBXShellScriptBuildPhase;
			buildActionMask = 2147483647;
			files = (
			);
			inputPaths = (
			);
			name = "[CP] Copy Pods Resources";
			outputPaths = (
			);
			runOnlyForDeploymentPostprocessing = 0;
			shellPath = /bin/sh;
			shellScript = "\"${SRCROOT}/Pods/Target Support Files/Pods-Happiness/Pods-Happiness-resources.sh\"\n";
			showEnvVarsInLog = 0;
		};
/* End PBXShellScriptBuildPhase section */

/* Begin PBXSourcesBuildPhase section */
		E18E2CB01DC95FD500BA02C4 /* Sources */ = {
			isa = PBXSourcesBuildPhase;
			buildActionMask = 2147483647;
			files = (
				E1E579C91DD7F39D0032570C /* TabBarView.swift in Sources */,
				FCEAD6C51DD7BBCA002ADFC2 /* TimelineTableViewCell.swift in Sources */,
				E1B6F64D1DD4135500B01B9E /* Question.swift in Sources */,
				CBE5F76A1DDEA56D00C134FA /* Nest.swift in Sources */,
				E1B6F6621DD43F2100B01B9E /* TimelineViewController.swift in Sources */,
				E1B6F66E1DD43FF800B01B9E /* EditEntryViewController.swift in Sources */,
				E1B6F64B1DD411E100B01B9E /* Entry.swift in Sources */,
				E18E2CBA1DC95FD500BA02C4 /* ViewController.swift in Sources */,
				E1B6F6531DD434AF00B01B9E /* UIConstants.swift in Sources */,
				E1B6F65B1DD4387600B01B9E /* HappinessService.swift in Sources */,
				E1B6F65E1DD43ED700B01B9E /* InitialViewController.swift in Sources */,
				E18E2CB81DC95FD500BA02C4 /* AppDelegate.swift in Sources */,
				E17ACFB11DD70E2200E826FE /* LoginSignupViewController.swift in Sources */,
				E1B6F6561DD4380700B01B9E /* BaseViewController.swift in Sources */,
				E1B6F64F1DD4142900B01B9E /* Location.swift in Sources */,
				E1B6F6491DD411D200B01B9E /* User.swift in Sources */,
				E1B6F6721DD4403E00B01B9E /* CalendarViewController.swift in Sources */,
				E1B6F66A1DD43F8600B01B9E /* ViewEntryViewController.swift in Sources */,
			);
			runOnlyForDeploymentPostprocessing = 0;
		};
/* End PBXSourcesBuildPhase section */

/* Begin PBXVariantGroup section */
		E18E2CBB1DC95FD500BA02C4 /* Main.storyboard */ = {
			isa = PBXVariantGroup;
			children = (
				E18E2CBC1DC95FD500BA02C4 /* Base */,
			);
			name = Main.storyboard;
			sourceTree = "<group>";
		};
		E18E2CC01DC95FD500BA02C4 /* LaunchScreen.storyboard */ = {
			isa = PBXVariantGroup;
			children = (
				E18E2CC11DC95FD500BA02C4 /* Base */,
			);
			name = LaunchScreen.storyboard;
			sourceTree = "<group>";
		};
/* End PBXVariantGroup section */

/* Begin XCBuildConfiguration section */
		E18E2CC41DC95FD500BA02C4 /* Debug */ = {
			isa = XCBuildConfiguration;
			buildSettings = {
				ALWAYS_SEARCH_USER_PATHS = NO;
				CLANG_ANALYZER_NONNULL = YES;
				CLANG_CXX_LANGUAGE_STANDARD = "gnu++0x";
				CLANG_CXX_LIBRARY = "libc++";
				CLANG_ENABLE_MODULES = YES;
				CLANG_ENABLE_OBJC_ARC = YES;
				CLANG_WARN_BOOL_CONVERSION = YES;
				CLANG_WARN_CONSTANT_CONVERSION = YES;
				CLANG_WARN_DIRECT_OBJC_ISA_USAGE = YES_ERROR;
				CLANG_WARN_DOCUMENTATION_COMMENTS = YES;
				CLANG_WARN_EMPTY_BODY = YES;
				CLANG_WARN_ENUM_CONVERSION = YES;
				CLANG_WARN_INFINITE_RECURSION = YES;
				CLANG_WARN_INT_CONVERSION = YES;
				CLANG_WARN_OBJC_ROOT_CLASS = YES_ERROR;
				CLANG_WARN_SUSPICIOUS_MOVE = YES;
				CLANG_WARN_SUSPICIOUS_MOVES = YES;
				CLANG_WARN_UNREACHABLE_CODE = YES;
				CLANG_WARN__DUPLICATE_METHOD_MATCH = YES;
				"CODE_SIGN_IDENTITY[sdk=iphoneos*]" = "iPhone Developer";
				COPY_PHASE_STRIP = NO;
				DEBUG_INFORMATION_FORMAT = dwarf;
				ENABLE_STRICT_OBJC_MSGSEND = YES;
				ENABLE_TESTABILITY = YES;
				GCC_C_LANGUAGE_STANDARD = gnu99;
				GCC_DYNAMIC_NO_PIC = NO;
				GCC_NO_COMMON_BLOCKS = YES;
				GCC_OPTIMIZATION_LEVEL = 0;
				GCC_PREPROCESSOR_DEFINITIONS = (
					"DEBUG=1",
					"$(inherited)",
				);
				GCC_WARN_64_TO_32_BIT_CONVERSION = YES;
				GCC_WARN_ABOUT_RETURN_TYPE = YES_ERROR;
				GCC_WARN_UNDECLARED_SELECTOR = YES;
				GCC_WARN_UNINITIALIZED_AUTOS = YES_AGGRESSIVE;
				GCC_WARN_UNUSED_FUNCTION = YES;
				GCC_WARN_UNUSED_VARIABLE = YES;
				IPHONEOS_DEPLOYMENT_TARGET = 10.1;
				MTL_ENABLE_DEBUG_INFO = YES;
				ONLY_ACTIVE_ARCH = YES;
				SDKROOT = iphoneos;
				SWIFT_ACTIVE_COMPILATION_CONDITIONS = DEBUG;
				SWIFT_OPTIMIZATION_LEVEL = "-Onone";
			};
			name = Debug;
		};
		E18E2CC51DC95FD500BA02C4 /* Release */ = {
			isa = XCBuildConfiguration;
			buildSettings = {
				ALWAYS_SEARCH_USER_PATHS = NO;
				CLANG_ANALYZER_NONNULL = YES;
				CLANG_CXX_LANGUAGE_STANDARD = "gnu++0x";
				CLANG_CXX_LIBRARY = "libc++";
				CLANG_ENABLE_MODULES = YES;
				CLANG_ENABLE_OBJC_ARC = YES;
				CLANG_WARN_BOOL_CONVERSION = YES;
				CLANG_WARN_CONSTANT_CONVERSION = YES;
				CLANG_WARN_DIRECT_OBJC_ISA_USAGE = YES_ERROR;
				CLANG_WARN_DOCUMENTATION_COMMENTS = YES;
				CLANG_WARN_EMPTY_BODY = YES;
				CLANG_WARN_ENUM_CONVERSION = YES;
				CLANG_WARN_INFINITE_RECURSION = YES;
				CLANG_WARN_INT_CONVERSION = YES;
				CLANG_WARN_OBJC_ROOT_CLASS = YES_ERROR;
				CLANG_WARN_SUSPICIOUS_MOVE = YES;
				CLANG_WARN_SUSPICIOUS_MOVES = YES;
				CLANG_WARN_UNREACHABLE_CODE = YES;
				CLANG_WARN__DUPLICATE_METHOD_MATCH = YES;
				"CODE_SIGN_IDENTITY[sdk=iphoneos*]" = "iPhone Developer";
				COPY_PHASE_STRIP = NO;
				DEBUG_INFORMATION_FORMAT = "dwarf-with-dsym";
				ENABLE_NS_ASSERTIONS = NO;
				ENABLE_STRICT_OBJC_MSGSEND = YES;
				GCC_C_LANGUAGE_STANDARD = gnu99;
				GCC_NO_COMMON_BLOCKS = YES;
				GCC_WARN_64_TO_32_BIT_CONVERSION = YES;
				GCC_WARN_ABOUT_RETURN_TYPE = YES_ERROR;
				GCC_WARN_UNDECLARED_SELECTOR = YES;
				GCC_WARN_UNINITIALIZED_AUTOS = YES_AGGRESSIVE;
				GCC_WARN_UNUSED_FUNCTION = YES;
				GCC_WARN_UNUSED_VARIABLE = YES;
				IPHONEOS_DEPLOYMENT_TARGET = 10.1;
				MTL_ENABLE_DEBUG_INFO = NO;
				SDKROOT = iphoneos;
				SWIFT_OPTIMIZATION_LEVEL = "-Owholemodule";
				VALIDATE_PRODUCT = YES;
			};
			name = Release;
		};
		E18E2CC71DC95FD500BA02C4 /* Debug */ = {
			isa = XCBuildConfiguration;
			baseConfigurationReference = 5AE4C7038851B234F5ED6EEA /* Pods-Happiness.debug.xcconfig */;
			buildSettings = {
				ALWAYS_EMBED_SWIFT_STANDARD_LIBRARIES = YES;
				ASSETCATALOG_COMPILER_APPICON_NAME = AppIcon;
				CODE_SIGN_ENTITLEMENTS = Happiness/Happiness.entitlements;
				DEVELOPMENT_TEAM = SCUP57ZH8V;
				INFOPLIST_FILE = Happiness/Info.plist;
				LD_RUNPATH_SEARCH_PATHS = "$(inherited) @executable_path/Frameworks";
				PRODUCT_BUNDLE_IDENTIFIER = com.teamhappiness.mobile.Happiness;
				PRODUCT_NAME = "$(TARGET_NAME)";
				SWIFT_VERSION = 3.0;
			};
			name = Debug;
		};
		E18E2CC81DC95FD500BA02C4 /* Release */ = {
			isa = XCBuildConfiguration;
			baseConfigurationReference = 7408CEF910F5ADEE5474CF54 /* Pods-Happiness.release.xcconfig */;
			buildSettings = {
				ALWAYS_EMBED_SWIFT_STANDARD_LIBRARIES = YES;
				ASSETCATALOG_COMPILER_APPICON_NAME = AppIcon;
				CODE_SIGN_ENTITLEMENTS = Happiness/Happiness.entitlements;
				DEVELOPMENT_TEAM = SCUP57ZH8V;
				INFOPLIST_FILE = Happiness/Info.plist;
				LD_RUNPATH_SEARCH_PATHS = "$(inherited) @executable_path/Frameworks";
				PRODUCT_BUNDLE_IDENTIFIER = com.teamhappiness.mobile.Happiness;
				PRODUCT_NAME = "$(TARGET_NAME)";
				SWIFT_VERSION = 3.0;
			};
			name = Release;
		};
/* End XCBuildConfiguration section */

/* Begin XCConfigurationList section */
		E18E2CAF1DC95FD500BA02C4 /* Build configuration list for PBXProject "Happiness" */ = {
			isa = XCConfigurationList;
			buildConfigurations = (
				E18E2CC41DC95FD500BA02C4 /* Debug */,
				E18E2CC51DC95FD500BA02C4 /* Release */,
			);
			defaultConfigurationIsVisible = 0;
			defaultConfigurationName = Release;
		};
		E18E2CC61DC95FD500BA02C4 /* Build configuration list for PBXNativeTarget "Happiness" */ = {
			isa = XCConfigurationList;
			buildConfigurations = (
				E18E2CC71DC95FD500BA02C4 /* Debug */,
				E18E2CC81DC95FD500BA02C4 /* Release */,
			);
			defaultConfigurationIsVisible = 0;
			defaultConfigurationName = Release;
		};
/* End XCConfigurationList section */
	};
	rootObject = E18E2CAC1DC95FD500BA02C4 /* Project object */;
}
